
Microsoft Visual Studio Solution File, Format Version 12.00
# Visual Studio Version 17
VisualStudioVersion = 17.0.31903.59
MinimumVisualStudioVersion = 10.0.40219.1
Project("{2150E333-8FDC-42A3-9474-1A3956D46DE8}") = "solution", "solution", "{284B0C48-6525-F3F5-CD5D-7841BD44174A}"
EndProject
Project("{2150E333-8FDC-42A3-9474-1A3956D46DE8}") = "DigitalTwin", "DigitalTwin", "{5CE40C2D-79A4-ABF9-2070-4F364F1F8229}"
EndProject
Project("{2150E333-8FDC-42A3-9474-1A3956D46DE8}") = "src", "src", "{EEA6FB82-C524-4808-E415-D595CDD0D1AA}"
EndProject
Project("{FAE04EC0-301F-11D3-BF4B-00C04F79EFBC}") = "DigitalTwin.Domain", "solution\DigitalTwin\src\DigitalTwin.Domain\DigitalTwin.Domain.csproj", "{975A93B9-B22A-4B0E-A8C7-A5A36C6B4FF9}"
EndProject
Project("{FAE04EC0-301F-11D3-BF4B-00C04F79EFBC}") = "DigitalTwin.Application", "solution\DigitalTwin\src\DigitalTwin.Application\DigitalTwin.Application.csproj", "{560C3698-DF17-4D2D-B653-A361020D8BC1}"
EndProject
Project("{FAE04EC0-301F-11D3-BF4B-00C04F79EFBC}") = "DigitalTwin.Infrastructure", "solution\DigitalTwin\src\DigitalTwin.Infrastructure\DigitalTwin.Infrastructure.csproj", "{65AF63D2-39C0-4F06-879B-0DA0C9B83692}"
EndProject
Project("{FAE04EC0-301F-11D3-BF4B-00C04F79EFBC}") = "DigitalTwin.API", "solution\DigitalTwin\src\DigitalTwin.API\DigitalTwin.API.csproj", "{C65D6DF0-B668-4782-8045-90D9BBD26DD7}"
EndProject
Project("{2150E333-8FDC-42A3-9474-1A3956D46DE8}") = "CoreServer", "CoreServer", "{300135A4-E599-B514-9721-EB9B3DF5760E}"
EndProject
Project("{2150E333-8FDC-42A3-9474-1A3956D46DE8}") = "src", "src", "{8CDCDFC7-0494-3371-47D1-EA9DC34E5E17}"
EndProject
Project("{FAE04EC0-301F-11D3-BF4B-00C04F79EFBC}") = "CoreServer.Domain", "solution\CoreServer\src\CoreServer.Domain\CoreServer.Domain.csproj", "{F4363B82-9A8C-451B-B3CC-12547AFF6E64}"
EndProject
Project("{FAE04EC0-301F-11D3-BF4B-00C04F79EFBC}") = "CoreServer.Application", "solution\CoreServer\src\CoreServer.Application\CoreServer.Application.csproj", "{C9EA1717-082E-4CE9-90DE-282EDCC86766}"
EndProject
Project("{FAE04EC0-301F-11D3-BF4B-00C04F79EFBC}") = "CoreServer.Infrastructure", "solution\CoreServer\src\CoreServer.Infrastructure\CoreServer.Infrastructure.csproj", "{A006BD1D-68E5-4516-9E9F-5803E262144A}"
EndProject
Project("{FAE04EC0-301F-11D3-BF4B-00C04F79EFBC}") = "CoreServer.API", "solution\CoreServer\src\CoreServer.API\CoreServer.API.csproj", "{C96747CB-475A-4980-B25D-58916C3C74D3}"
EndProject
Global
	GlobalSection(SolutionConfigurationPlatforms) = preSolution
		Debug|Any CPU = Debug|Any CPU
		Debug|x64 = Debug|x64
		Debug|x86 = Debug|x86
		Release|Any CPU = Release|Any CPU
		Release|x64 = Release|x64
		Release|x86 = Release|x86
	EndGlobalSection
	GlobalSection(ProjectConfigurationPlatforms) = postSolution
		{975A93B9-B22A-4B0E-A8C7-A5A36C6B4FF9}.Debug|Any CPU.ActiveCfg = Debug|Any CPU
		{975A93B9-B22A-4B0E-A8C7-A5A36C6B4FF9}.Debug|Any CPU.Build.0 = Debug|Any CPU
		{975A93B9-B22A-4B0E-A8C7-A5A36C6B4FF9}.Debug|x64.ActiveCfg = Debug|Any CPU
		{975A93B9-B22A-4B0E-A8C7-A5A36C6B4FF9}.Debug|x64.Build.0 = Debug|Any CPU
		{975A93B9-B22A-4B0E-A8C7-A5A36C6B4FF9}.Debug|x86.ActiveCfg = Debug|Any CPU
		{975A93B9-B22A-4B0E-A8C7-A5A36C6B4FF9}.Debug|x86.Build.0 = Debug|Any CPU
		{975A93B9-B22A-4B0E-A8C7-A5A36C6B4FF9}.Release|Any CPU.ActiveCfg = Release|Any CPU
		{975A93B9-B22A-4B0E-A8C7-A5A36C6B4FF9}.Release|Any CPU.Build.0 = Release|Any CPU
		{975A93B9-B22A-4B0E-A8C7-A5A36C6B4FF9}.Release|x64.ActiveCfg = Release|Any CPU
		{975A93B9-B22A-4B0E-A8C7-A5A36C6B4FF9}.Release|x64.Build.0 = Release|Any CPU
		{975A93B9-B22A-4B0E-A8C7-A5A36C6B4FF9}.Release|x86.ActiveCfg = Release|Any CPU
		{975A93B9-B22A-4B0E-A8C7-A5A36C6B4FF9}.Release|x86.Build.0 = Release|Any CPU
		{560C3698-DF17-4D2D-B653-A361020D8BC1}.Debug|Any CPU.ActiveCfg = Debug|Any CPU
		{560C3698-DF17-4D2D-B653-A361020D8BC1}.Debug|Any CPU.Build.0 = Debug|Any CPU
		{560C3698-DF17-4D2D-B653-A361020D8BC1}.Debug|x64.ActiveCfg = Debug|Any CPU
		{560C3698-DF17-4D2D-B653-A361020D8BC1}.Debug|x64.Build.0 = Debug|Any CPU
		{560C3698-DF17-4D2D-B653-A361020D8BC1}.Debug|x86.ActiveCfg = Debug|Any CPU
		{560C3698-DF17-4D2D-B653-A361020D8BC1}.Debug|x86.Build.0 = Debug|Any CPU
		{560C3698-DF17-4D2D-B653-A361020D8BC1}.Release|Any CPU.ActiveCfg = Release|Any CPU
		{560C3698-DF17-4D2D-B653-A361020D8BC1}.Release|Any CPU.Build.0 = Release|Any CPU
		{560C3698-DF17-4D2D-B653-A361020D8BC1}.Release|x64.ActiveCfg = Release|Any CPU
		{560C3698-DF17-4D2D-B653-A361020D8BC1}.Release|x64.Build.0 = Release|Any CPU
		{560C3698-DF17-4D2D-B653-A361020D8BC1}.Release|x86.ActiveCfg = Release|Any CPU
		{560C3698-DF17-4D2D-B653-A361020D8BC1}.Release|x86.Build.0 = Release|Any CPU
		{65AF63D2-39C0-4F06-879B-0DA0C9B83692}.Debug|Any CPU.ActiveCfg = Debug|Any CPU
		{65AF63D2-39C0-4F06-879B-0DA0C9B83692}.Debug|Any CPU.Build.0 = Debug|Any CPU
		{65AF63D2-39C0-4F06-879B-0DA0C9B83692}.Debug|x64.ActiveCfg = Debug|Any CPU
		{65AF63D2-39C0-4F06-879B-0DA0C9B83692}.Debug|x64.Build.0 = Debug|Any CPU
		{65AF63D2-39C0-4F06-879B-0DA0C9B83692}.Debug|x86.ActiveCfg = Debug|Any CPU
		{65AF63D2-39C0-4F06-879B-0DA0C9B83692}.Debug|x86.Build.0 = Debug|Any CPU
		{65AF63D2-39C0-4F06-879B-0DA0C9B83692}.Release|Any CPU.ActiveCfg = Release|Any CPU
		{65AF63D2-39C0-4F06-879B-0DA0C9B83692}.Release|Any CPU.Build.0 = Release|Any CPU
		{65AF63D2-39C0-4F06-879B-0DA0C9B83692}.Release|x64.ActiveCfg = Release|Any CPU
		{65AF63D2-39C0-4F06-879B-0DA0C9B83692}.Release|x64.Build.0 = Release|Any CPU
		{65AF63D2-39C0-4F06-879B-0DA0C9B83692}.Release|x86.ActiveCfg = Release|Any CPU
		{65AF63D2-39C0-4F06-879B-0DA0C9B83692}.Release|x86.Build.0 = Release|Any CPU
		{C65D6DF0-B668-4782-8045-90D9BBD26DD7}.Debug|Any CPU.ActiveCfg = Debug|Any CPU
		{C65D6DF0-B668-4782-8045-90D9BBD26DD7}.Debug|Any CPU.Build.0 = Debug|Any CPU
		{C65D6DF0-B668-4782-8045-90D9BBD26DD7}.Debug|x64.ActiveCfg = Debug|Any CPU
		{C65D6DF0-B668-4782-8045-90D9BBD26DD7}.Debug|x64.Build.0 = Debug|Any CPU
		{C65D6DF0-B668-4782-8045-90D9BBD26DD7}.Debug|x86.ActiveCfg = Debug|Any CPU
		{C65D6DF0-B668-4782-8045-90D9BBD26DD7}.Debug|x86.Build.0 = Debug|Any CPU
		{C65D6DF0-B668-4782-8045-90D9BBD26DD7}.Release|Any CPU.ActiveCfg = Release|Any CPU
		{C65D6DF0-B668-4782-8045-90D9BBD26DD7}.Release|Any CPU.Build.0 = Release|Any CPU
		{C65D6DF0-B668-4782-8045-90D9BBD26DD7}.Release|x64.ActiveCfg = Release|Any CPU
		{C65D6DF0-B668-4782-8045-90D9BBD26DD7}.Release|x64.Build.0 = Release|Any CPU
		{C65D6DF0-B668-4782-8045-90D9BBD26DD7}.Release|x86.ActiveCfg = Release|Any CPU
		{C65D6DF0-B668-4782-8045-90D9BBD26DD7}.Release|x86.Build.0 = Release|Any CPU
		{F4363B82-9A8C-451B-B3CC-12547AFF6E64}.Debug|Any CPU.ActiveCfg = Debug|Any CPU
		{F4363B82-9A8C-451B-B3CC-12547AFF6E64}.Debug|Any CPU.Build.0 = Debug|Any CPU
		{F4363B82-9A8C-451B-B3CC-12547AFF6E64}.Debug|x64.ActiveCfg = Debug|Any CPU
		{F4363B82-9A8C-451B-B3CC-12547AFF6E64}.Debug|x64.Build.0 = Debug|Any CPU
		{F4363B82-9A8C-451B-B3CC-12547AFF6E64}.Debug|x86.ActiveCfg = Debug|Any CPU
		{F4363B82-9A8C-451B-B3CC-12547AFF6E64}.Debug|x86.Build.0 = Debug|Any CPU
		{F4363B82-9A8C-451B-B3CC-12547AFF6E64}.Release|Any CPU.ActiveCfg = Release|Any CPU
		{F4363B82-9A8C-451B-B3CC-12547AFF6E64}.Release|Any CPU.Build.0 = Release|Any CPU
		{F4363B82-9A8C-451B-B3CC-12547AFF6E64}.Release|x64.ActiveCfg = Release|Any CPU
		{F4363B82-9A8C-451B-B3CC-12547AFF6E64}.Release|x64.Build.0 = Release|Any CPU
		{F4363B82-9A8C-451B-B3CC-12547AFF6E64}.Release|x86.ActiveCfg = Release|Any CPU
		{F4363B82-9A8C-451B-B3CC-12547AFF6E64}.Release|x86.Build.0 = Release|Any CPU
		{C9EA1717-082E-4CE9-90DE-282EDCC86766}.Debug|Any CPU.ActiveCfg = Debug|Any CPU
		{C9EA1717-082E-4CE9-90DE-282EDCC86766}.Debug|Any CPU.Build.0 = Debug|Any CPU
		{C9EA1717-082E-4CE9-90DE-282EDCC86766}.Debug|x64.ActiveCfg = Debug|Any CPU
		{C9EA1717-082E-4CE9-90DE-282EDCC86766}.Debug|x64.Build.0 = Debug|Any CPU
		{C9EA1717-082E-4CE9-90DE-282EDCC86766}.Debug|x86.ActiveCfg = Debug|Any CPU
		{C9EA1717-082E-4CE9-90DE-282EDCC86766}.Debug|x86.Build.0 = Debug|Any CPU
		{C9EA1717-082E-4CE9-90DE-282EDCC86766}.Release|Any CPU.ActiveCfg = Release|Any CPU
		{C9EA1717-082E-4CE9-90DE-282EDCC86766}.Release|Any CPU.Build.0 = Release|Any CPU
		{C9EA1717-082E-4CE9-90DE-282EDCC86766}.Release|x64.ActiveCfg = Release|Any CPU
		{C9EA1717-082E-4CE9-90DE-282EDCC86766}.Release|x64.Build.0 = Release|Any CPU
		{C9EA1717-082E-4CE9-90DE-282EDCC86766}.Release|x86.ActiveCfg = Release|Any CPU
		{C9EA1717-082E-4CE9-90DE-282EDCC86766}.Release|x86.Build.0 = Release|Any CPU
		{A006BD1D-68E5-4516-9E9F-5803E262144A}.Debug|Any CPU.ActiveCfg = Debug|Any CPU
		{A006BD1D-68E5-4516-9E9F-5803E262144A}.Debug|Any CPU.Build.0 = Debug|Any CPU
		{A006BD1D-68E5-4516-9E9F-5803E262144A}.Debug|x64.ActiveCfg = Debug|Any CPU
		{A006BD1D-68E5-4516-9E9F-5803E262144A}.Debug|x64.Build.0 = Debug|Any CPU
		{A006BD1D-68E5-4516-9E9F-5803E262144A}.Debug|x86.ActiveCfg = Debug|Any CPU
		{A006BD1D-68E5-4516-9E9F-5803E262144A}.Debug|x86.Build.0 = Debug|Any CPU
		{A006BD1D-68E5-4516-9E9F-5803E262144A}.Release|Any CPU.ActiveCfg = Release|Any CPU
		{A006BD1D-68E5-4516-9E9F-5803E262144A}.Release|Any CPU.Build.0 = Release|Any CPU
		{A006BD1D-68E5-4516-9E9F-5803E262144A}.Release|x64.ActiveCfg = Release|Any CPU
		{A006BD1D-68E5-4516-9E9F-5803E262144A}.Release|x64.Build.0 = Release|Any CPU
		{A006BD1D-68E5-4516-9E9F-5803E262144A}.Release|x86.ActiveCfg = Release|Any CPU
		{A006BD1D-68E5-4516-9E9F-5803E262144A}.Release|x86.Build.0 = Release|Any CPU
		{C96747CB-475A-4980-B25D-58916C3C74D3}.Debug|Any CPU.ActiveCfg = Debug|Any CPU
		{C96747CB-475A-4980-B25D-58916C3C74D3}.Debug|Any CPU.Build.0 = Debug|Any CPU
		{C96747CB-475A-4980-B25D-58916C3C74D3}.Debug|x64.ActiveCfg = Debug|Any CPU
		{C96747CB-475A-4980-B25D-58916C3C74D3}.Debug|x64.Build.0 = Debug|Any CPU
		{C96747CB-475A-4980-B25D-58916C3C74D3}.Debug|x86.ActiveCfg = Debug|Any CPU
		{C96747CB-475A-4980-B25D-58916C3C74D3}.Debug|x86.Build.0 = Debug|Any CPU
		{C96747CB-475A-4980-B25D-58916C3C74D3}.Release|Any CPU.ActiveCfg = Release|Any CPU
		{C96747CB-475A-4980-B25D-58916C3C74D3}.Release|Any CPU.Build.0 = Release|Any CPU
		{C96747CB-475A-4980-B25D-58916C3C74D3}.Release|x64.ActiveCfg = Release|Any CPU
		{C96747CB-475A-4980-B25D-58916C3C74D3}.Release|x64.Build.0 = Release|Any CPU
		{C96747CB-475A-4980-B25D-58916C3C74D3}.Release|x86.ActiveCfg = Release|Any CPU
		{C96747CB-475A-4980-B25D-58916C3C74D3}.Release|x86.Build.0 = Release|Any CPU
	EndGlobalSection
	GlobalSection(SolutionProperties) = preSolution
		HideSolutionNode = FALSE
	EndGlobalSection
	GlobalSection(NestedProjects) = preSolution
		{5CE40C2D-79A4-ABF9-2070-4F364F1F8229} = {284B0C48-6525-F3F5-CD5D-7841BD44174A}
		{EEA6FB82-C524-4808-E415-D595CDD0D1AA} = {5CE40C2D-79A4-ABF9-2070-4F364F1F8229}
		{975A93B9-B22A-4B0E-A8C7-A5A36C6B4FF9} = {EEA6FB82-C524-4808-E415-D595CDD0D1AA}
		{560C3698-DF17-4D2D-B653-A361020D8BC1} = {EEA6FB82-C524-4808-E415-D595CDD0D1AA}
		{65AF63D2-39C0-4F06-879B-0DA0C9B83692} = {EEA6FB82-C524-4808-E415-D595CDD0D1AA}
		{C65D6DF0-B668-4782-8045-90D9BBD26DD7} = {EEA6FB82-C524-4808-E415-D595CDD0D1AA}
		{300135A4-E599-B514-9721-EB9B3DF5760E} = {284B0C48-6525-F3F5-CD5D-7841BD44174A}
		{8CDCDFC7-0494-3371-47D1-EA9DC34E5E17} = {300135A4-E599-B514-9721-EB9B3DF5760E}
		{F4363B82-9A8C-451B-B3CC-12547AFF6E64} = {8CDCDFC7-0494-3371-47D1-EA9DC34E5E17}
		{C9EA1717-082E-4CE9-90DE-282EDCC86766} = {8CDCDFC7-0494-3371-47D1-EA9DC34E5E17}
		{A006BD1D-68E5-4516-9E9F-5803E262144A} = {8CDCDFC7-0494-3371-47D1-EA9DC34E5E17}
		{C96747CB-475A-4980-B25D-58916C3C74D3} = {8CDCDFC7-0494-3371-47D1-EA9DC34E5E17}
	EndGlobalSection
EndGlobal
